
Microsoft Visual Studio Solution File, Format Version 12.00
# Visual Studio Version 16
VisualStudioVersion = 16.0.810.21
MinimumVisualStudioVersion = 10.0.40219.1
Project("{FAE04EC0-301F-11D3-BF4B-00C04F79EFBC}") = "DSStacksandQueues", "DSStacksandQueues\DSStacksandQueues.csproj", "{8690E053-A566-4EAB-938A-2262EC02D39C}"
EndProject
Global
	GlobalSection(SolutionConfigurationPlatforms) = preSolution
		Debug|Any CPU = Debug|Any CPU
		Release|Any CPU = Release|Any CPU
	EndGlobalSection
	GlobalSection(ProjectConfigurationPlatforms) = postSolution
		{8690E053-A566-4EAB-938A-2262EC02D39C}.Debug|Any CPU.ActiveCfg = Debug|Any CPU
		{8690E053-A566-4EAB-938A-2262EC02D39C}.Debug|Any CPU.Build.0 = Debug|Any CPU
		{8690E053-A566-4EAB-938A-2262EC02D39C}.Release|Any CPU.ActiveCfg = Release|Any CPU
		{8690E053-A566-4EAB-938A-2262EC02D39C}.Release|Any CPU.Build.0 = Release|Any CPU
	EndGlobalSection
	GlobalSection(SolutionProperties) = preSolution
		HideSolutionNode = FALSE
	EndGlobalSection
	GlobalSection(ExtensibilityGlobals) = postSolution
		SolutionGuid = {E046F5EE-BC77-4D0C-9735-88F2D7AE9A43}
	EndGlobalSection
EndGlobal
